<Solution>
  <Folder Name="/src/">
    <Project Path="src/ClassicMac.Resources.Cli/ClassicMac.Resources.Cli.csproj" />
    <Project Path="src/ClassicMac.Resources/ClassicMac.Resources.csproj" />
  </Folder>
  <Folder Name="/tests/">
    <Project Path="tests/ClassicMac.Resources.Cli.Tests/ClassicMac.Resources.Cli.Tests.csproj" />
    <Project Path="tests/ClassicMac.Resources.Tests/ClassicMac.Resources.Tests.csproj" />
  </Folder>
</Solution>
