<Solution>
  <Folder Name="/src/">
    <Project Path="src/ClassicMac.App/ClassicMac.App.csproj" />
    <Project Path="src/ClassicMac.Code/ClassicMac.Code.csproj" />
    <Project Path="src/ClassicMac.Core/ClassicMac.Core.csproj" />
    <Project Path="src/ClassicMac.Files/ClassicMac.Files.csproj" />
    <Project Path="src/ClassicMac.Cli/ClassicMac.Cli.csproj" />
    <Project Path="src/ClassicMac.Resources.Decoders/ClassicMac.Resources.Decoders.csproj" />
    <Project Path="src/ClassicMac.Resources/ClassicMac.Resources.csproj" />
    <Project Path="src/ClassicMac.Graphics/ClassicMac.Graphics.csproj" />
    <Project Path="src/ClassicMac.Graphics.ImageSharp/ClassicMac.Graphics.ImageSharp.csproj" />
    <Project Path="src/ClassicMac.Graphics.SkiaSharp/ClassicMac.Graphics.SkiaSharp.csproj" />
  </Folder>
  <Folder Name="/tests/">
    <Project Path="tests/ClassicMac.App.Tests/ClassicMac.App.Tests.csproj" />
    <Project Path="tests/ClassicMac.Code.Tests/ClassicMac.Code.Tests.csproj" />
    <Project Path="tests/ClassicMac.Core.Tests/ClassicMac.Core.Tests.csproj" />
    <Project Path="tests/ClassicMac.Files.Tests/ClassicMac.Files.Tests.csproj" />
    <Project Path="tests/ClassicMac.Cli.Tests/ClassicMac.Cli.Tests.csproj" />
    <Project Path="tests/ClassicMac.Resources.Decoders.Tests/ClassicMac.Resources.Decoders.Tests.csproj" />
    <Project Path="tests/ClassicMac.Resources.Tests/ClassicMac.Resources.Tests.csproj" />
    <Project Path="tests/ClassicMac.Graphics.Tests/ClassicMac.Graphics.Tests.csproj" />
  </Folder>
  <Folder Name="/tools/">
    <Project Path="tools/GoldenPictures/GoldenPictures.csproj" />
    <Project Path="tools/TcdbData/TcdbData.csproj" />
    <Project Path="tools/TrapTables/TrapTables.csproj" />
  </Folder>
</Solution>
